<?xml version="1.0" encoding="utf-8"?>
<Project ToolsVersion="4.0" xmlns="http://schemas.microsoft.com/developer/msbuild/2003">
  <ItemGroup>
    <Filter Include="Source Files">
      <UniqueIdentifier>{4FC737F1-C7A5-4376-A066-2A32D752A2FF}</UniqueIdentifier>
      <Extensions>cpp;c;cc;cxx;c++;cppm;ixx;def;odl;idl;hpj;bat;asm;asmx</Extensions>
    </Filter>
    <Filter Include="Header Files">
      <UniqueIdentifier>{93995380-89BD-4b04-88EB-625FBE52EBFB}</UniqueIdentifier>
      <Extensions>h;hh;hpp;hxx;h++;hm;inl;inc;ipp;xsd</Extensions>
    </Filter>
    <Filter Include="Resource Files">
      <UniqueIdentifier>{67DA6AB6-F800-4c08-8B7A-83BB121AAD01}</UniqueIdentifier>
      <Extensions>rc;ico;cur;bmp;dlg;rc2;rct;bin;rgs;gif;jpg;jpeg;jpe;resx;tiff;tif;png;wav;mfcribbon-ms</Extensions>
    </Filter>
    <Filter Include="Header Files\utils">
      <UniqueIdentifier>{feb86409-4086-4a92-a0da-a9cad25ee21e}</UniqueIdentifier>
    </Filter>
    <Filter Include="Source Files\utils">
      <UniqueIdentifier>{a36f9d19-59d3-44f5-890a-7391d17314bb}</UniqueIdentifier>
    </Filter>
    <Filter Include="Header Files\player">
      <UniqueIdentifier>{a4ed0112-e7bc-4386-ba7f-4202db273d6e}</UniqueIdentifier>
    </Filter>
    <Filter Include="Source Files\player">
      <UniqueIdentifier>{f72bc477-c205-451f-a54a-e9c15a96f00e}</UniqueIdentifier>
    </Filter>
    <Filter Include="Header Files\Board">
      <UniqueIdentifier>{edb6ccad-9754-4ec3-999b-b0b1267fa73f}</UniqueIdentifier>
    </Filter>
    <Filter Include="Source Files\Board">
      <UniqueIdentifier>{31488f46-8fa4-44e7-ad84-413f8dc2fc04}</UniqueIdentifier>
    </Filter>
    <Filter Include="Header Files\Board\Mortgage">
      <UniqueIdentifier>{e0a2e897-f8da-45f1-bd5f-7524512f1982}</UniqueIdentifier>
    </Filter>
    <Filter Include="Source Files\Board\Mortgage">
      <UniqueIdentifier>{57ba3b3c-a5dd-4105-9535-374b1605fa0d}</UniqueIdentifier>
    </Filter>
    <Filter Include="Header Files\cards">
      <UniqueIdentifier>{db6c05f2-0820-4e91-9d68-25812c1f5d33}</UniqueIdentifier>
    </Filter>
    <Filter Include="Source Files\cards">
      <UniqueIdentifier>{2b039c92-8eb3-455e-a8e1-2eaf6552223f}</UniqueIdentifier>
    </Filter>
    <Filter Include="Header Files\Monopoly">
      <UniqueIdentifier>{6dd068a3-d7e4-4763-a5d6-c090de04ffbd}</UniqueIdentifier>
    </Filter>
    <Filter Include="Source Files\Monopoly">
      <UniqueIdentifier>{11f01903-82ba-4d0f-965b-8b05215e4bf8}</UniqueIdentifier>
    </Filter>
    <Filter Include="Header Files\Monopoly\Command">
      <UniqueIdentifier>{35a36e4b-ac02-4519-bd55-136cf7a386d4}</UniqueIdentifier>
    </Filter>
    <Filter Include="Source Files\Monopoly\Command">
      <UniqueIdentifier>{9e9eaa98-4f4f-49ff-bd1a-654dff269f73}</UniqueIdentifier>
    </Filter>
  </ItemGroup>
  <ItemGroup>
    <ClInclude Include="Consts.h">
      <Filter>Header Files\utils</Filter>
    </ClInclude>
    <ClInclude Include="Player.h">
      <Filter>Header Files\player</Filter>
    </ClInclude>
    <ClInclude Include="Bank.h">
      <Filter>Header Files\player</Filter>
    </ClInclude>
    <ClInclude Include="Field.h">
      <Filter>Header Files\Board</Filter>
    </ClInclude>
    <ClInclude Include="Property.h">
      <Filter>Header Files\Board</Filter>
    </ClInclude>
    <ClInclude Include="Mortgage.h">
      <Filter>Header Files\Board\Mortgage</Filter>
    </ClInclude>
    <ClInclude Include="Vector.hpp">
      <Filter>Header Files\utils</Filter>
    </ClInclude>
    <ClInclude Include="CardField.h">
      <Filter>Header Files\Board</Filter>
    </ClInclude>
    <ClInclude Include="Jail.h">
      <Filter>Header Files\Board</Filter>
    </ClInclude>
    <ClInclude Include="Board.h">
      <Filter>Header Files\Board</Filter>
    </ClInclude>
    <ClInclude Include="Card.h">
      <Filter>Header Files\cards</Filter>
    </ClInclude>
    <ClInclude Include="MovePositionCard.h">
      <Filter>Header Files\cards</Filter>
    </ClInclude>
    <ClInclude Include="PaymentCard.h">
      <Filter>Header Files\cards</Filter>
    </ClInclude>
    <ClInclude Include="GroupPaymentCard.h">
      <Filter>Header Files\cards</Filter>
    </ClInclude>
    <ClInclude Include="CardDeck.h">
      <Filter>Header Files\cards</Filter>
    </ClInclude>
    <ClInclude Include="Stack.hpp">
      <Filter>Header Files\utils</Filter>
    </ClInclude>
    <ClInclude Include="MyString.h">
      <Filter>Header Files\utils</Filter>
    </ClInclude>
    <ClInclude Include="Cottage.h">
      <Filter>Header Files\Board\Mortgage</Filter>
    </ClInclude>
    <ClInclude Include="Castle.h">
      <Filter>Header Files\Board\Mortgage</Filter>
    </ClInclude>
    <ClInclude Include="SpecialField.h">
      <Filter>Header Files\Board</Filter>
    </ClInclude>
    <ClInclude Include="Monopoly.h">
      <Filter>Header Files\Monopoly</Filter>
    </ClInclude>
    <ClInclude Include="Dice.h">
      <Filter>Header Files\Monopoly</Filter>
    </ClInclude>
    <ClInclude Include="Trade.h">
      <Filter>Header Files\player</Filter>
    </ClInclude>
    <ClInclude Include="GameCommand.h">
      <Filter>Header Files\Monopoly\Command</Filter>
    </ClInclude>
    <ClInclude Include="MovePlayerCommand.h">
      <Filter>Header Files\Monopoly\Command</Filter>
    </ClInclude>
    <ClInclude Include="BuyPropertyCommand.h">
      <Filter>Header Files\Monopoly\Command</Filter>
    </ClInclude>
    <ClInclude Include="SellPropertyCommand.h">
      <Filter>Header Files\Monopoly\Command</Filter>
    </ClInclude>
    <ClInclude Include="PayRentCommand.h">
      <Filter>Header Files\Monopoly\Command</Filter>
    </ClInclude>
    <ClInclude Include="SellMortgageCommand.h">
      <Filter>Header Files\Monopoly\Command</Filter>
    </ClInclude>
    <ClInclude Include="BuildCottageCommand.h">
      <Filter>Header Files\Monopoly\Command</Filter>
    </ClInclude>
    <ClInclude Include="BuildCastleCommand.h">
      <Filter>Header Files\Monopoly\Command</Filter>
    </ClInclude>
    <ClInclude Include="CardCommands.h">
      <Filter>Header Files\Monopoly\Command</Filter>
    </ClInclude>
    <ClInclude Include="GoToJailCommand.h">
      <Filter>Header Files\Monopoly\Command</Filter>
    </ClInclude>
    <ClInclude Include="PayJailFineCommand.h">
      <Filter>Header Files\Monopoly\Command</Filter>
    </ClInclude>
    <ClInclude Include="RollForJailReleaseCommand.h">
      <Filter>Header Files\Monopoly\Command</Filter>
    </ClInclude>
    <ClInclude Include="AcceptTradeCommand.h">
      <Filter>Header Files\Monopoly\Command</Filter>
    </ClInclude>
    <ClInclude Include="RejectTradeCommand.h">
      <Filter>Header Files\Monopoly\Command</Filter>
    </ClInclude>
    <ClInclude Include="ProposeTradeCommand.h">
      <Filter>Header Files\Monopoly\Command</Filter>
    </ClInclude>
    <ClInclude Include="DeclareBankruptcyCommand.h">
      <Filter>Header Files\Monopoly\Command</Filter>
    </ClInclude>
    <ClInclude Include="PayTaxCommand.h">
      <Filter>Header Files\Monopoly\Command</Filter>
    </ClInclude>
    <ClInclude Include="PassGoCommand.h">
      <Filter>Header Files\Monopoly\Command</Filter>
    </ClInclude>
    <ClInclude Include="TradeSelectionCommand.h">
      <Filter>Header Files\Monopoly\Command</Filter>
    </ClInclude>
    <ClInclude Include="SelectPropertyCommand.h">
      <Filter>Header Files\Monopoly\Command</Filter>
    </ClInclude>
    <ClInclude Include="SelectTradePartnerCommand.h">
      <Filter>Header Files\Monopoly\Command</Filter>
    </ClInclude>
    <ClInclude Include="AddPlayerCommand.h">
      <Filter>Header Files\Monopoly\Command</Filter>
    </ClInclude>
    <ClInclude Include="SaveGameCommand.h">
      <Filter>Header Files\Monopoly\Command</Filter>
    </ClInclude>
    <ClInclude Include="LoadGameCommand.h">
      <Filter>Header Files\Monopoly\Command</Filter>
    </ClInclude>
  </ItemGroup>
  <ItemGroup>
    <ClCompile Include="Player.cpp">
      <Filter>Source Files\player</Filter>
    </ClCompile>
    <ClCompile Include="Bank.cpp">
      <Filter>Source Files\player</Filter>
    </ClCompile>
    <ClCompile Include="Property.cpp">
      <Filter>Source Files\Board</Filter>
    </ClCompile>
    <ClCompile Include="CardField.cpp">
      <Filter>Source Files\Board</Filter>
    </ClCompile>
    <ClCompile Include="Jail.cpp">
      <Filter>Source Files\Board</Filter>
    </ClCompile>
    <ClCompile Include="Board.cpp">
      <Filter>Source Files\Board</Filter>
    </ClCompile>
    <ClCompile Include="MovePositionCard.cpp">
      <Filter>Source Files\cards</Filter>
    </ClCompile>
    <ClCompile Include="PaymentCard.cpp">
      <Filter>Source Files\cards</Filter>
    </ClCompile>
    <ClCompile Include="GroupPaymentCard.cpp">
      <Filter>Source Files\cards</Filter>
    </ClCompile>
    <ClCompile Include="CardDeck.cpp">
      <Filter>Source Files\cards</Filter>
    </ClCompile>
    <ClCompile Include="Cottage.cpp">
      <Filter>Source Files\Board\Mortgage</Filter>
    </ClCompile>
    <ClCompile Include="MyString.cpp">
      <Filter>Source Files\utils</Filter>
    </ClCompile>
    <ClCompile Include="Castle.cpp">
      <Filter>Source Files\Board\Mortgage</Filter>
    </ClCompile>
    <ClCompile Include="SpecialField.cpp">
      <Filter>Source Files\Board</Filter>
    </ClCompile>
    <ClCompile Include="Monopoly.cpp">
      <Filter>Source Files\Monopoly</Filter>
    </ClCompile>
    <ClCompile Include="Dice.cpp">
      <Filter>Source Files\Monopoly</Filter>
    </ClCompile>
    <ClCompile Include="Trade.cpp">
      <Filter>Source Files\player</Filter>
    </ClCompile>
    <ClCompile Include="MovePlayerCommand.cpp">
      <Filter>Source Files\Monopoly\Command</Filter>
    </ClCompile>
    <ClCompile Include="BuyPropertyCommand.cpp">
      <Filter>Source Files\Monopoly\Command</Filter>
    </ClCompile>
    <ClCompile Include="SellPropertyCommand.cpp">
      <Filter>Source Files\Monopoly\Command</Filter>
    </ClCompile>
    <ClCompile Include="PayRentCommand.cpp">
      <Filter>Source Files\Monopoly\Command</Filter>
    </ClCompile>
    <ClCompile Include="BuildCastleCommand.cpp">
      <Filter>Source Files\Monopoly\Command</Filter>
    </ClCompile>
    <ClCompile Include="BuildCottageCommand.cpp">
      <Filter>Source Files\Monopoly\Command</Filter>
    </ClCompile>
    <ClCompile Include="SellMortgageCommand.cpp">
      <Filter>Source Files\Monopoly\Command</Filter>
    </ClCompile>
    <ClCompile Include="CardCommands.cpp">
      <Filter>Source Files\Monopoly\Command</Filter>
    </ClCompile>
    <ClCompile Include="GoToJailCommand.cpp">
      <Filter>Source Files\Monopoly\Command</Filter>
    </ClCompile>
    <ClCompile Include="PayJailFineCommand.cpp">
      <Filter>Source Files\Monopoly\Command</Filter>
    </ClCompile>
    <ClCompile Include="RollForJailReleaseCommand.cpp">
      <Filter>Source Files\Monopoly\Command</Filter>
    </ClCompile>
    <ClCompile Include="AcceptTradeCommand.cpp">
      <Filter>Source Files\Monopoly\Command</Filter>
    </ClCompile>
    <ClCompile Include="RejectTradeCommand.cpp">
      <Filter>Source Files\Monopoly\Command</Filter>
    </ClCompile>
    <ClCompile Include="ProposeTradeCommand.cpp">
      <Filter>Source Files\Monopoly\Command</Filter>
    </ClCompile>
    <ClCompile Include="DeclareBankruptcyCommand.cpp">
      <Filter>Source Files\Monopoly\Command</Filter>
    </ClCompile>
    <ClCompile Include="PayTaxCommand.cpp">
      <Filter>Source Files\Monopoly\Command</Filter>
    </ClCompile>
    <ClCompile Include="PassGoCommand.cpp">
      <Filter>Source Files\Monopoly\Command</Filter>
    </ClCompile>
    <ClCompile Include="TradeSelectionCommand.cpp">
      <Filter>Source Files\Monopoly\Command</Filter>
    </ClCompile>
    <ClCompile Include="SelectTradePartnerCommand.cpp">
      <Filter>Source Files\Monopoly\Command</Filter>
    </ClCompile>
    <ClCompile Include="SelectPropertyCommand.cpp">
      <Filter>Source Files\Monopoly\Command</Filter>
    </ClCompile>
    <ClCompile Include="AddPlayerCommand.cpp">
      <Filter>Source Files\Monopoly\Command</Filter>
    </ClCompile>
    <ClCompile Include="Source.cpp">
      <Filter>Source Files</Filter>
    </ClCompile>
    <ClCompile Include="SaveGameCommand.cpp">
      <Filter>Source Files\Monopoly\Command</Filter>
    </ClCompile>
    <ClCompile Include="LoadGameCommand.cpp">
      <Filter>Source Files\Monopoly\Command</Filter>
    </ClCompile>
  </ItemGroup>
</Project>