<?xml version="1.0" encoding="utf-8"?>
<Project ToolsVersion="4.0" xmlns="http://schemas.microsoft.com/developer/msbuild/2003">
  <ItemGroup>
    <Filter Include="Source Files">
      <UniqueIdentifier>{4FC737F1-C7A5-4376-A066-2A32D752A2FF}</UniqueIdentifier>
      <Extensions>cpp;c;cc;cxx;c++;cppm;ixx;def;odl;idl;hpj;bat;asm;asmx</Extensions>
    </Filter>
    <Filter Include="Header Files">
      <UniqueIdentifier>{93995380-89BD-4b04-88EB-625FBE52EBFB}</UniqueIdentifier>
      <Extensions>h;hh;hpp;hxx;h++;hm;inl;inc;ipp;xsd</Extensions>
    </Filter>
    <Filter Include="Resource Files">
      <UniqueIdentifier>{67DA6AB6-F800-4c08-8B7A-83BB121AAD01}</UniqueIdentifier>
      <Extensions>rc;ico;cur;bmp;dlg;rc2;rct;bin;rgs;gif;jpg;jpeg;jpe;resx;tiff;tif;png;wav;mfcribbon-ms</Extensions>
    </Filter>
    <Filter Include="Header Files\utils">
      <UniqueIdentifier>{feb86409-4086-4a92-a0da-a9cad25ee21e}</UniqueIdentifier>
    </Filter>
    <Filter Include="Source Files\utils">
      <UniqueIdentifier>{a36f9d19-59d3-44f5-890a-7391d17314bb}</UniqueIdentifier>
    </Filter>
    <Filter Include="Header Files\player">
      <UniqueIdentifier>{a4ed0112-e7bc-4386-ba7f-4202db273d6e}</UniqueIdentifier>
    </Filter>
    <Filter Include="Source Files\player">
      <UniqueIdentifier>{f72bc477-c205-451f-a54a-e9c15a96f00e}</UniqueIdentifier>
    </Filter>
    <Filter Include="Header Files\Board">
      <UniqueIdentifier>{edb6ccad-9754-4ec3-999b-b0b1267fa73f}</UniqueIdentifier>
    </Filter>
    <Filter Include="Source Files\Board">
      <UniqueIdentifier>{31488f46-8fa4-44e7-ad84-413f8dc2fc04}</UniqueIdentifier>
    </Filter>
    <Filter Include="Header Files\Board\Mortgage">
      <UniqueIdentifier>{e0a2e897-f8da-45f1-bd5f-7524512f1982}</UniqueIdentifier>
    </Filter>
    <Filter Include="Source Files\Board\Mortgage">
      <UniqueIdentifier>{57ba3b3c-a5dd-4105-9535-374b1605fa0d}</UniqueIdentifier>
    </Filter>
  </ItemGroup>
  <ItemGroup>
    <ClInclude Include="Consts.h">
      <Filter>Header Files\utils</Filter>
    </ClInclude>
    <ClInclude Include="Player.h">
      <Filter>Header Files\player</Filter>
    </ClInclude>
    <ClInclude Include="Bank.h">
      <Filter>Header Files\player</Filter>
    </ClInclude>
    <ClInclude Include="Field.h">
      <Filter>Header Files\Board</Filter>
    </ClInclude>
    <ClInclude Include="Property.h">
      <Filter>Header Files\Board</Filter>
    </ClInclude>
    <ClInclude Include="Mortgage.h">
      <Filter>Header Files\Board\Mortgage</Filter>
    </ClInclude>
    <ClInclude Include="Vector.hpp">
      <Filter>Header Files\utils</Filter>
    </ClInclude>
    <ClInclude Include="CardField.h">
      <Filter>Header Files\Board</Filter>
    </ClInclude>
    <ClInclude Include="Jail.h">
      <Filter>Header Files\Board</Filter>
    </ClInclude>
    <ClInclude Include="Board.h">
      <Filter>Header Files\Board</Filter>
    </ClInclude>
  </ItemGroup>
  <ItemGroup>
    <ClCompile Include="Player.cpp">
      <Filter>Source Files\player</Filter>
    </ClCompile>
    <ClCompile Include="Bank.cpp">
      <Filter>Source Files\player</Filter>
    </ClCompile>
    <ClCompile Include="Property.cpp">
      <Filter>Source Files\Board</Filter>
    </ClCompile>
    <ClCompile Include="Mortgage.cpp">
      <Filter>Source Files\Board\Mortgage</Filter>
    </ClCompile>
    <ClCompile Include="..\..\..\..\Downloads\homework\homework\MyString.cpp">
      <Filter>Source Files\utils</Filter>
    </ClCompile>
    <ClCompile Include="CardField.cpp">
      <Filter>Source Files\Board</Filter>
    </ClCompile>
    <ClCompile Include="Jail.cpp">
      <Filter>Source Files\Board</Filter>
    </ClCompile>
    <ClCompile Include="Board.cpp">
      <Filter>Source Files\Board</Filter>
    </ClCompile>
  </ItemGroup>
</Project>